# THIS IS AN AUTOGENERATED FILE. DO NOT EDIT THIS FILE DIRECTLY.
# yarn lockfile v1


jquery-chained@^2.0.0-beta.2:
  version "2.0.0-beta.2"
  resolved "https://registry.yarnpkg.com/jquery-chained/-/jquery-chained-2.0.0-beta.2.tgz#67a2a5bb7be6549cbf9c1374a343373b6b4e8b48"
  integrity sha1-Z6Klu3vmVJy/nBN0o0M3O2tOi0g=
